// !$*UTF8*$!
{
	archiveVersion = 1;
	classes = {
	};
	objectVersion = 55;
	objects = {

/* Begin PBXBuildFile section */
		730E4D9E28E1D5D40000B271 /* AppDelegate.swift in Sources */ = {isa = PBXBuildFile; fileRef = 730E4D9D28E1D5D40000B271 /* AppDelegate.swift */; };
		730E4DA028E1D5D40000B271 /* SceneDelegate.swift in Sources */ = {isa = PBXBuildFile; fileRef = 730E4D9F28E1D5D40000B271 /* SceneDelegate.swift */; };
		730E4DA228E1D5D40000B271 /* ViewController.swift in Sources */ = {isa = PBXBuildFile; fileRef = 730E4DA128E1D5D40000B271 /* ViewController.swift */; };
		730E4DA528E1D5D40000B271 /* Main.storyboard in Resources */ = {isa = PBXBuildFile; fileRef = 730E4DA328E1D5D40000B271 /* Main.storyboard */; };
		730E4DA728E1D5D40000B271 /* Assets.xcassets in Resources */ = {isa = PBXBuildFile; fileRef = 730E4DA628E1D5D40000B271 /* Assets.xcassets */; };
		730E4DAA28E1D5D40000B271 /* LaunchScreen.storyboard in Resources */ = {isa = PBXBuildFile; fileRef = 730E4DA828E1D5D40000B271 /* LaunchScreen.storyboard */; };
		730E4DB528E1D5D40000B271 /* SwiftChessAppTests.swift in Sources */ = {isa = PBXBuildFile; fileRef = 730E4DB428E1D5D40000B271 /* SwiftChessAppTests.swift */; };
		730E4DBF28E1D5D50000B271 /* SwiftChessAppUITests.swift in Sources */ = {isa = PBXBuildFile; fileRef = 730E4DBE28E1D5D50000B271 /* SwiftChessAppUITests.swift */; };
		730E4DC128E1D5D50000B271 /* SwiftChessAppUITestsLaunchTests.swift in Sources */ = {isa = PBXBuildFile; fileRef = 730E4DC028E1D5D50000B271 /* SwiftChessAppUITestsLaunchTests.swift */; };
/* End PBXBuildFile section */

/* Begin PBXContainerItemProxy section */
		730E4DB128E1D5D40000B271 /* PBXContainerItemProxy */ = {
			isa = PBXContainerItemProxy;
			containerPortal = 730E4D9228E1D5D30000B271 /* Project object */;
			proxyType = 1;
			remoteGlobalIDString = 730E4D9928E1D5D40000B271;
			remoteInfo = SwiftChessApp;
		};
		730E4DBB28E1D5D50000B271 /* PBXContainerItemProxy */ = {
			isa = PBXContainerItemProxy;
			containerPortal = 730E4D9228E1D5D30000B271 /* Project object */;
			proxyType = 1;
			remoteGlobalIDString = 730E4D9928E1D5D40000B271;
			remoteInfo = SwiftChessApp;
		};
/* End PBXContainerItemProxy section */

/* Begin PBXFileReference section */
		730E4D9A28E1D5D40000B271 /* SwiftChessApp.app */ = {isa = PBXFileReference; explicitFileType = wrapper.application; includeInIndex = 0; path = SwiftChessApp.app; sourceTree = BUILT_PRODUCTS_DIR; };
		730E4D9D28E1D5D40000B271 /* AppDelegate.swift */ = {isa = PBXFileReference; lastKnownFileType = sourcecode.swift; path = AppDelegate.swift; sourceTree = "<group>"; };
		730E4D9F28E1D5D40000B271 /* SceneDelegate.swift */ = {isa = PBXFileReference; lastKnownFileType = sourcecode.swift; path = SceneDelegate.swift; sourceTree = "<group>"; };
		730E4DA128E1D5D40000B271 /* ViewController.swift */ = {isa = PBXFileReference; lastKnownFileType = sourcecode.swift; path = ViewController.swift; sourceTree = "<group>"; };
		730E4DA428E1D5D40000B271 /* Base */ = {isa = PBXFileReference; lastKnownFileType = file.storyboard; name = Base; path = Base.lproj/Main.storyboard; sourceTree = "<group>"; };
		730E4DA628E1D5D40000B271 /* Assets.xcassets */ = {isa = PBXFileReference; lastKnownFileType = folder.assetcatalog; path = Assets.xcassets; sourceTree = "<group>"; };
		730E4DA928E1D5D40000B271 /* Base */ = {isa = PBXFileReference; lastKnownFileType = file.storyboard; name = Base; path = Base.lproj/LaunchScreen.storyboard; sourceTree = "<group>"; };
		730E4DAB28E1D5D40000B271 /* Info.plist */ = {isa = PBXFileReference; lastKnownFileType = text.plist.xml; path = Info.plist; sourceTree = "<group>"; };
		730E4DB028E1D5D40000B271 /* SwiftChessAppTests.xctest */ = {isa = PBXFileReference; explicitFileType = wrapper.cfbundle; includeInIndex = 0; path = SwiftChessAppTests.xctest; sourceTree = BUILT_PRODUCTS_DIR; };
		730E4DB428E1D5D40000B271 /* SwiftChessAppTests.swift */ = {isa = PBXFileReference; lastKnownFileType = sourcecode.swift; path = SwiftChessAppTests.swift; sourceTree = "<group>"; };
		730E4DBA28E1D5D50000B271 /* SwiftChessAppUITests.xctest */ = {isa = PBXFileReference; explicitFileType = wrapper.cfbundle; includeInIndex = 0; path = SwiftChessAppUITests.xctest; sourceTree = BUILT_PRODUCTS_DIR; };
		730E4DBE28E1D5D50000B271 /* SwiftChessAppUITests.swift */ = {isa = PBXFileReference; lastKnownFileType = sourcecode.swift; path = SwiftChessAppUITests.swift; sourceTree = "<group>"; };
		730E4DC028E1D5D50000B271 /* SwiftChessAppUITestsLaunchTests.swift */ = {isa = PBXFileReference; lastKnownFileType = sourcecode.swift; path = SwiftChessAppUITestsLaunchTests.swift; sourceTree = "<group>"; };
/* End PBXFileReference section */

/* Begin PBXFrameworksBuildPhase section */
		730E4D9728E1D5D40000B271 /* Frameworks */ = {
			isa = PBXFrameworksBuildPhase;
			buildActionMask = 2147483647;
			files = (
			);
			runOnlyForDeploymentPostprocessing = 0;
		};
		730E4DAD28E1D5D40000B271 /* Frameworks */ = {
			isa = PBXFrameworksBuildPhase;
			buildActionMask = 2147483647;
			files = (
			);
			runOnlyForDeploymentPostprocessing = 0;
		};
		730E4DB728E1D5D50000B271 /* Frameworks */ = {
			isa = PBXFrameworksBuildPhase;
			buildActionMask = 2147483647;
			files = (
			);
			runOnlyForDeploymentPostprocessing = 0;
		};
/* End PBXFrameworksBuildPhase section */

/* Begin PBXGroup section */
		730E4D9128E1D5D30000B271 = {
			isa = PBXGroup;
			children = (
				730E4D9C28E1D5D40000B271 /* SwiftChessApp */,
				730E4DB328E1D5D40000B271 /* SwiftChessAppTests */,
				730E4DBD28E1D5D50000B271 /* SwiftChessAppUITests */,
				730E4D9B28E1D5D40000B271 /* Products */,
			);
			sourceTree = "<group>";
		};
		730E4D9B28E1D5D40000B271 /* Products */ = {
			isa = PBXGroup;
			children = (
				730E4D9A28E1D5D40000B271 /* SwiftChessApp.app */,
				730E4DB028E1D5D40000B271 /* SwiftChessAppTests.xctest */,
				730E4DBA28E1D5D50000B271 /* SwiftChessAppUITests.xctest */,
			);
			name = Products;
			sourceTree = "<group>";
		};
		730E4D9C28E1D5D40000B271 /* SwiftChessApp */ = {
			isa = PBXGroup;
			children = (
				730E4D9D28E1D5D40000B271 /* AppDelegate.swift */,
				730E4D9F28E1D5D40000B271 /* SceneDelegate.swift */,
				730E4DA128E1D5D40000B271 /* ViewController.swift */,
				730E4DA328E1D5D40000B271 /* Main.storyboard */,
				730E4DA628E1D5D40000B271 /* Assets.xcassets */,
				730E4DA828E1D5D40000B271 /* LaunchScreen.storyboard */,
				730E4DAB28E1D5D40000B271 /* Info.plist */,
			);
			path = SwiftChessApp;
			sourceTree = "<group>";
		};
		730E4DB328E1D5D40000B271 /* SwiftChessAppTests */ = {
			isa = PBXGroup;
			children = (
				730E4DB428E1D5D40000B271 /* SwiftChessAppTests.swift */,
			);
			path = SwiftChessAppTests;
			sourceTree = "<group>";
		};
		730E4DBD28E1D5D50000B271 /* SwiftChessAppUITests */ = {
			isa = PBXGroup;
			children = (
				730E4DBE28E1D5D50000B271 /* SwiftChessAppUITests.swift */,
				730E4DC028E1D5D50000B271 /* SwiftChessAppUITestsLaunchTests.swift */,
			);
			path = SwiftChessAppUITests;
			sourceTree = "<group>";
		};
/* End PBXGroup section */

/* Begin PBXNativeTarget section */
		730E4D9928E1D5D40000B271 /* SwiftChessApp */ = {
			isa = PBXNativeTarget;
			buildConfigurationList = 730E4DC428E1D5D50000B271 /* Build configuration list for PBXNativeTarget "SwiftChessApp" */;
			buildPhases = (
				730E4D9628E1D5D40000B271 /* Sources */,
				730E4D9728E1D5D40000B271 /* Frameworks */,
				730E4D9828E1D5D40000B271 /* Resources */,
			);
			buildRules = (
			);
			dependencies = (
			);
			name = SwiftChessApp;
			productName = SwiftChessApp;
			productReference = 730E4D9A28E1D5D40000B271 /* SwiftChessApp.app */;
			productType = "com.apple.product-type.application";
		};
		730E4DAF28E1D5D40000B271 /* SwiftChessAppTests */ = {
			isa = PBXNativeTarget;
			buildConfigurationList = 730E4DC728E1D5D50000B271 /* Build configuration list for PBXNativeTarget "SwiftChessAppTests" */;
			buildPhases = (
				730E4DAC28E1D5D40000B271 /* Sources */,
				730E4DAD28E1D5D40000B271 /* Frameworks */,
				730E4DAE28E1D5D40000B271 /* Resources */,
			);
			buildRules = (
			);
			dependencies = (
				730E4DB228E1D5D40000B271 /* PBXTargetDependency */,
			);
			name = SwiftChessAppTests;
			productName = SwiftChessAppTests;
			productReference = 730E4DB028E1D5D40000B271 /* SwiftChessAppTests.xctest */;
			productType = "com.apple.product-type.bundle.unit-test";
		};
		730E4DB928E1D5D50000B271 /* SwiftChessAppUITests */ = {
			isa = PBXNativeTarget;
			buildConfigurationList = 730E4DCA28E1D5D50000B271 /* Build configuration list for PBXNativeTarget "SwiftChessAppUITests" */;
			buildPhases = (
				730E4DB628E1D5D50000B271 /* Sources */,
				730E4DB728E1D5D50000B271 /* Frameworks */,
				730E4DB828E1D5D50000B271 /* Resources */,
			);
			buildRules = (
			);
			dependencies = (
				730E4DBC28E1D5D50000B271 /* PBXTargetDependency */,
			);
			name = SwiftChessAppUITests;
			productName = SwiftChessAppUITests;
			productReference = 730E4DBA28E1D5D50000B271 /* SwiftChessAppUITests.xctest */;
			productType = "com.apple.product-type.bundle.ui-testing";
		};
/* End PBXNativeTarget section */

/* Begin PBXProject section */
		730E4D9228E1D5D30000B271 /* Project object */ = {
			isa = PBXProject;
			attributes = {
				BuildIndependentTargetsInParallel = 1;
				LastSwiftUpdateCheck = 1330;
				LastUpgradeCheck = 1330;
				TargetAttributes = {
					730E4D9928E1D5D40000B271 = {
						CreatedOnToolsVersion = 13.3.1;
					};
					730E4DAF28E1D5D40000B271 = {
						CreatedOnToolsVersion = 13.3.1;
						TestTargetID = 730E4D9928E1D5D40000B271;
					};
					730E4DB928E1D5D50000B271 = {
						CreatedOnToolsVersion = 13.3.1;
						TestTargetID = 730E4D9928E1D5D40000B271;
					};
				};
			};
			buildConfigurationList = 730E4D9528E1D5D30000B271 /* Build configuration list for PBXProject "SwiftChessApp" */;
			compatibilityVersion = "Xcode 13.0";
			developmentRegion = en;
			hasScannedForEncodings = 0;
			knownRegions = (
				en,
				Base,
			);
			mainGroup = 730E4D9128E1D5D30000B271;
			productRefGroup = 730E4D9B28E1D5D40000B271 /* Products */;
			projectDirPath = "";
			projectRoot = "";
			targets = (
				730E4D9928E1D5D40000B271 /* SwiftChessApp */,
				730E4DAF28E1D5D40000B271 /* SwiftChessAppTests */,
				730E4DB928E1D5D50000B271 /* SwiftChessAppUITests */,
			);
		};
/* End PBXProject section */

/* Begin PBXResourcesBuildPhase section */
		730E4D9828E1D5D40000B271 /* Resources */ = {
			isa = PBXResourcesBuildPhase;
			buildActionMask = 2147483647;
			files = (
				730E4DAA28E1D5D40000B271 /* LaunchScreen.storyboard in Resources */,
				730E4DA728E1D5D40000B271 /* Assets.xcassets in Resources */,
				730E4DA528E1D5D40000B271 /* Main.storyboard in Resources */,
			);
			runOnlyForDeploymentPostprocessing = 0;
		};
		730E4DAE28E1D5D40000B271 /* Resources */ = {
			isa = PBXResourcesBuildPhase;
			buildActionMask = 2147483647;
			files = (
			);
			runOnlyForDeploymentPostprocessing = 0;
		};
		730E4DB828E1D5D50000B271 /* Resources */ = {
			isa = PBXResourcesBuildPhase;
			buildActionMask = 2147483647;
			files = (
			);
			runOnlyForDeploymentPostprocessing = 0;
		};
/* End PBXResourcesBuildPhase section */

/* Begin PBXSourcesBuildPhase section */
		730E4D9628E1D5D40000B271 /* Sources */ = {
			isa = PBXSourcesBuildPhase;
			buildActionMask = 2147483647;
			files = (
				730E4DA228E1D5D40000B271 /* ViewController.swift in Sources */,
				730E4D9E28E1D5D40000B271 /* AppDelegate.swift in Sources */,
				730E4DA028E1D5D40000B271 /* SceneDelegate.swift in Sources */,
			);
			runOnlyForDeploymentPostprocessing = 0;
		};
		730E4DAC28E1D5D40000B271 /* Sources */ = {
			isa = PBXSourcesBuildPhase;
			buildActionMask = 2147483647;
			files = (
				730E4DB528E1D5D40000B271 /* SwiftChessAppTests.swift in Sources */,
			);
			runOnlyForDeploymentPostprocessing = 0;
		};
		730E4DB628E1D5D50000B271 /* Sources */ = {
			isa = PBXSourcesBuildPhase;
			buildActionMask = 2147483647;
			files = (
				730E4DBF28E1D5D50000B271 /* SwiftChessAppUITests.swift in Sources */,
				730E4DC128E1D5D50000B271 /* SwiftChessAppUITestsLaunchTests.swift in Sources */,
			);
			runOnlyForDeploymentPostprocessing = 0;
		};
/* End PBXSourcesBuildPhase section */

/* Begin PBXTargetDependency section */
		730E4DB228E1D5D40000B271 /* PBXTargetDependency */ = {
			isa = PBXTargetDependency;
			target = 730E4D9928E1D5D40000B271 /* SwiftChessApp */;
			targetProxy = 730E4DB128E1D5D40000B271 /* PBXContainerItemProxy */;
		};
		730E4DBC28E1D5D50000B271 /* PBXTargetDependency */ = {
			isa = PBXTargetDependency;
			target = 730E4D9928E1D5D40000B271 /* SwiftChessApp */;
			targetProxy = 730E4DBB28E1D5D50000B271 /* PBXContainerItemProxy */;
		};
/* End PBXTargetDependency section */

/* Begin PBXVariantGroup section */
		730E4DA328E1D5D40000B271 /* Main.storyboard */ = {
			isa = PBXVariantGroup;
			children = (
				730E4DA428E1D5D40000B271 /* Base */,
			);
			name = Main.storyboard;
			sourceTree = "<group>";
		};
		730E4DA828E1D5D40000B271 /* LaunchScreen.storyboard */ = {
			isa = PBXVariantGroup;
			children = (
				730E4DA928E1D5D40000B271 /* Base */,
			);
			name = LaunchScreen.storyboard;
			sourceTree = "<group>";
		};
/* End PBXVariantGroup section */

/* Begin XCBuildConfiguration section */
		730E4DC228E1D5D50000B271 /* Debug */ = {
			isa = XCBuildConfiguration;
			buildSettings = {
				ALWAYS_SEARCH_USER_PATHS = NO;
				CLANG_ANALYZER_NONNULL = YES;
				CLANG_ANALYZER_NUMBER_OBJECT_CONVERSION = YES_AGGRESSIVE;
				CLANG_CXX_LANGUAGE_STANDARD = "gnu++17";
				CLANG_ENABLE_MODULES = YES;
				CLANG_ENABLE_OBJC_ARC = YES;
				CLANG_ENABLE_OBJC_WEAK = YES;
				CLANG_WARN_BLOCK_CAPTURE_AUTORELEASING = YES;
				CLANG_WARN_BOOL_CONVERSION = YES;
				CLANG_WARN_COMMA = YES;
				CLANG_WARN_CONSTANT_CONVERSION = YES;
				CLANG_WARN_DEPRECATED_OBJC_IMPLEMENTATIONS = YES;
				CLANG_WARN_DIRECT_OBJC_ISA_USAGE = YES_ERROR;
				CLANG_WARN_DOCUMENTATION_COMMENTS = YES;
				CLANG_WARN_EMPTY_BODY = YES;
				CLANG_WARN_ENUM_CONVERSION = YES;
				CLANG_WARN_INFINITE_RECURSION = YES;
				CLANG_WARN_INT_CONVERSION = YES;
				CLANG_WARN_NON_LITERAL_NULL_CONVERSION = YES;
				CLANG_WARN_OBJC_IMPLICIT_RETAIN_SELF = YES;
				CLANG_WARN_OBJC_LITERAL_CONVERSION = YES;
				CLANG_WARN_OBJC_ROOT_CLASS = YES_ERROR;
				CLANG_WARN_QUOTED_INCLUDE_IN_FRAMEWORK_HEADER = YES;
				CLANG_WARN_RANGE_LOOP_ANALYSIS = YES;
				CLANG_WARN_STRICT_PROTOTYPES = YES;
				CLANG_WARN_SUSPICIOUS_MOVE = YES;
				CLANG_WARN_UNGUARDED_AVAILABILITY = YES_AGGRESSIVE;
				CLANG_WARN_UNREACHABLE_CODE = YES;
				CLANG_WARN__DUPLICATE_METHOD_MATCH = YES;
				COPY_PHASE_STRIP = NO;
				DEBUG_INFORMATION_FORMAT = dwarf;
				ENABLE_STRICT_OBJC_MSGSEND = YES;
				ENABLE_TESTABILITY = YES;
				GCC_C_LANGUAGE_STANDARD = gnu11;
				GCC_DYNAMIC_NO_PIC = NO;
				GCC_NO_COMMON_BLOCKS = YES;
				GCC_OPTIMIZATION_LEVEL = 0;
				GCC_PREPROCESSOR_DEFINITIONS = (
					"DEBUG=1",
					"$(inherited)",
				);
				GCC_WARN_64_TO_32_BIT_CONVERSION = YES;
				GCC_WARN_ABOUT_RETURN_TYPE = YES_ERROR;
				GCC_WARN_UNDECLARED_SELECTOR = YES;
				GCC_WARN_UNINITIALIZED_AUTOS = YES_AGGRESSIVE;
				GCC_WARN_UNUSED_FUNCTION = YES;
				GCC_WARN_UNUSED_VARIABLE = YES;
				IPHONEOS_DEPLOYMENT_TARGET = 15.4;
				MTL_ENABLE_DEBUG_INFO = INCLUDE_SOURCE;
				MTL_FAST_MATH = YES;
				ONLY_ACTIVE_ARCH = YES;
				SDKROOT = iphoneos;
				SWIFT_ACTIVE_COMPILATION_CONDITIONS = DEBUG;
				SWIFT_OPTIMIZATION_LEVEL = "-Onone";
			};
			name = Debug;
		};
		730E4DC328E1D5D50000B271 /* Release */ = {
			isa = XCBuildConfiguration;
			buildSettings = {
				ALWAYS_SEARCH_USER_PATHS = NO;
				CLANG_ANALYZER_NONNULL = YES;
				CLANG_ANALYZER_NUMBER_OBJECT_CONVERSION = YES_AGGRESSIVE;
				CLANG_CXX_LANGUAGE_STANDARD = "gnu++17";
				CLANG_ENABLE_MODULES = YES;
				CLANG_ENABLE_OBJC_ARC = YES;
				CLANG_ENABLE_OBJC_WEAK = YES;
				CLANG_WARN_BLOCK_CAPTURE_AUTORELEASING = YES;
				CLANG_WARN_BOOL_CONVERSION = YES;
				CLANG_WARN_COMMA = YES;
				CLANG_WARN_CONSTANT_CONVERSION = YES;
				CLANG_WARN_DEPRECATED_OBJC_IMPLEMENTATIONS = YES;
				CLANG_WARN_DIRECT_OBJC_ISA_USAGE = YES_ERROR;
				CLANG_WARN_DOCUMENTATION_COMMENTS = YES;
				CLANG_WARN_EMPTY_BODY = YES;
				CLANG_WARN_ENUM_CONVERSION = YES;
				CLANG_WARN_INFINITE_RECURSION = YES;
				CLANG_WARN_INT_CONVERSION = YES;
				CLANG_WARN_NON_LITERAL_NULL_CONVERSION = YES;
				CLANG_WARN_OBJC_IMPLICIT_RETAIN_SELF = YES;
				CLANG_WARN_OBJC_LITERAL_CONVERSION = YES;
				CLANG_WARN_OBJC_ROOT_CLASS = YES_ERROR;
				CLANG_WARN_QUOTED_INCLUDE_IN_FRAMEWORK_HEADER = YES;
				CLANG_WARN_RANGE_LOOP_ANALYSIS = YES;
				CLANG_WARN_STRICT_PROTOTYPES = YES;
				CLANG_WARN_SUSPICIOUS_MOVE = YES;
				CLANG_WARN_UNGUARDED_AVAILABILITY = YES_AGGRESSIVE;
				CLANG_WARN_UNREACHABLE_CODE = YES;
				CLANG_WARN__DUPLICATE_METHOD_MATCH = YES;
				COPY_PHASE_STRIP = NO;
				DEBUG_INFORMATION_FORMAT = "dwarf-with-dsym";
				ENABLE_NS_ASSERTIONS = NO;
				ENABLE_STRICT_OBJC_MSGSEND = YES;
				GCC_C_LANGUAGE_STANDARD = gnu11;
				GCC_NO_COMMON_BLOCKS = YES;
				GCC_WARN_64_TO_32_BIT_CONVERSION = YES;
				GCC_WARN_ABOUT_RETURN_TYPE = YES_ERROR;
				GCC_WARN_UNDECLARED_SELECTOR = YES;
				GCC_WARN_UNINITIALIZED_AUTOS = YES_AGGRESSIVE;
				GCC_WARN_UNUSED_FUNCTION = YES;
				GCC_WARN_UNUSED_VARIABLE = YES;
				IPHONEOS_DEPLOYMENT_TARGET = 15.4;
				MTL_ENABLE_DEBUG_INFO = NO;
				MTL_FAST_MATH = YES;
				SDKROOT = iphoneos;
				SWIFT_COMPILATION_MODE = wholemodule;
				SWIFT_OPTIMIZATION_LEVEL = "-O";
				VALIDATE_PRODUCT = YES;
			};
			name = Release;
		};
		730E4DC528E1D5D50000B271 /* Debug */ = {
			isa = XCBuildConfiguration;
			buildSettings = {
				ASSETCATALOG_COMPILER_APPICON_NAME = AppIcon;
				ASSETCATALOG_COMPILER_GLOBAL_ACCENT_COLOR_NAME = AccentColor;
				CODE_SIGN_STYLE = Automatic;
				CURRENT_PROJECT_VERSION = 1;
				GENERATE_INFOPLIST_FILE = YES;
				INFOPLIST_FILE = SwiftChessApp/Info.plist;
				INFOPLIST_KEY_UIApplicationSupportsIndirectInputEvents = YES;
				INFOPLIST_KEY_UILaunchStoryboardName = LaunchScreen;
				INFOPLIST_KEY_UIMainStoryboardFile = Main;
				INFOPLIST_KEY_UISupportedInterfaceOrientations_iPad = "UIInterfaceOrientationPortrait UIInterfaceOrientationPortraitUpsideDown UIInterfaceOrientationLandscapeLeft UIInterfaceOrientationLandscapeRight";
				INFOPLIST_KEY_UISupportedInterfaceOrientations_iPhone = "UIInterfaceOrientationPortrait UIInterfaceOrientationLandscapeLeft UIInterfaceOrientationLandscapeRight";
				LD_RUNPATH_SEARCH_PATHS = (
					"$(inherited)",
					"@executable_path/Frameworks",
				);
				MARKETING_VERSION = 1.0;
				PRODUCT_BUNDLE_IDENTIFIER = com.moon.SwiftChessApp;
				PRODUCT_NAME = "$(TARGET_NAME)";
				SWIFT_EMIT_LOC_STRINGS = YES;
				SWIFT_VERSION = 5.0;
				TARGETED_DEVICE_FAMILY = "1,2";
			};
			name = Debug;
		};
		730E4DC628E1D5D50000B271 /* Release */ = {
			isa = XCBuildConfiguration;
			buildSettings = {
				ASSETCATALOG_COMPILER_APPICON_NAME = AppIcon;
				ASSETCATALOG_COMPILER_GLOBAL_ACCENT_COLOR_NAME = AccentColor;
				CODE_SIGN_STYLE = Automatic;
				CURRENT_PROJECT_VERSION = 1;
				GENERATE_INFOPLIST_FILE = YES;
				INFOPLIST_FILE = SwiftChessApp/Info.plist;
				INFOPLIST_KEY_UIApplicationSupportsIndirectInputEvents = YES;
				INFOPLIST_KEY_UILaunchStoryboardName = LaunchScreen;
				INFOPLIST_KEY_UIMainStoryboardFile = Main;
				INFOPLIST_KEY_UISupportedInterfaceOrientations_iPad = "UIInterfaceOrientationPortrait UIInterfaceOrientationPortraitUpsideDown UIInterfaceOrientationLandscapeLeft UIInterfaceOrientationLandscapeRight";
				INFOPLIST_KEY_UISupportedInterfaceOrientations_iPhone = "UIInterfaceOrientationPortrait UIInterfaceOrientationLandscapeLeft UIInterfaceOrientationLandscapeRight";
				LD_RUNPATH_SEARCH_PATHS = (
					"$(inherited)",
					"@executable_path/Frameworks",
				);
				MARKETING_VERSION = 1.0;
				PRODUCT_BUNDLE_IDENTIFIER = com.moon.SwiftChessApp;
				PRODUCT_NAME = "$(TARGET_NAME)";
				SWIFT_EMIT_LOC_STRINGS = YES;
				SWIFT_VERSION = 5.0;
				TARGETED_DEVICE_FAMILY = "1,2";
			};
			name = Release;
		};
		730E4DC828E1D5D50000B271 /* Debug */ = {
			isa = XCBuildConfiguration;
			buildSettings = {
				ALWAYS_EMBED_SWIFT_STANDARD_LIBRARIES = YES;
				BUNDLE_LOADER = "$(TEST_HOST)";
				CODE_SIGN_STYLE = Automatic;
				CURRENT_PROJECT_VERSION = 1;
				GENERATE_INFOPLIST_FILE = YES;
				IPHONEOS_DEPLOYMENT_TARGET = 15.4;
				MARKETING_VERSION = 1.0;
				PRODUCT_BUNDLE_IDENTIFIER = com.moon.SwiftChessAppTests;
				PRODUCT_NAME = "$(TARGET_NAME)";
				SWIFT_EMIT_LOC_STRINGS = NO;
				SWIFT_VERSION = 5.0;
				TARGETED_DEVICE_FAMILY = "1,2";
				TEST_HOST = "$(BUILT_PRODUCTS_DIR)/SwiftChessApp.app/SwiftChessApp";
			};
			name = Debug;
		};
		730E4DC928E1D5D50000B271 /* Release */ = {
			isa = XCBuildConfiguration;
			buildSettings = {
				ALWAYS_EMBED_SWIFT_STANDARD_LIBRARIES = YES;
				BUNDLE_LOADER = "$(TEST_HOST)";
				CODE_SIGN_STYLE = Automatic;
				CURRENT_PROJECT_VERSION = 1;
				GENERATE_INFOPLIST_FILE = YES;
				IPHONEOS_DEPLOYMENT_TARGET = 15.4;
				MARKETING_VERSION = 1.0;
				PRODUCT_BUNDLE_IDENTIFIER = com.moon.SwiftChessAppTests;
				PRODUCT_NAME = "$(TARGET_NAME)";
				SWIFT_EMIT_LOC_STRINGS = NO;
				SWIFT_VERSION = 5.0;
				TARGETED_DEVICE_FAMILY = "1,2";
				TEST_HOST = "$(BUILT_PRODUCTS_DIR)/SwiftChessApp.app/SwiftChessApp";
			};
			name = Release;
		};
		730E4DCB28E1D5D50000B271 /* Debug */ = {
			isa = XCBuildConfiguration;
			buildSettings = {
				ALWAYS_EMBED_SWIFT_STANDARD_LIBRARIES = YES;
				CODE_SIGN_STYLE = Automatic;
				CURRENT_PROJECT_VERSION = 1;
				GENERATE_INFOPLIST_FILE = YES;
				MARKETING_VERSION = 1.0;
				PRODUCT_BUNDLE_IDENTIFIER = com.moon.SwiftChessAppUITests;
				PRODUCT_NAME = "$(TARGET_NAME)";
				SWIFT_EMIT_LOC_STRINGS = NO;
				SWIFT_VERSION = 5.0;
				TARGETED_DEVICE_FAMILY = "1,2";
				TEST_TARGET_NAME = SwiftChessApp;
			};
			name = Debug;
		};
		730E4DCC28E1D5D50000B271 /* Release */ = {
			isa = XCBuildConfiguration;
			buildSettings = {
				ALWAYS_EMBED_SWIFT_STANDARD_LIBRARIES = YES;
				CODE_SIGN_STYLE = Automatic;
				CURRENT_PROJECT_VERSION = 1;
				GENERATE_INFOPLIST_FILE = YES;
				MARKETING_VERSION = 1.0;
				PRODUCT_BUNDLE_IDENTIFIER = com.moon.SwiftChessAppUITests;
				PRODUCT_NAME = "$(TARGET_NAME)";
				SWIFT_EMIT_LOC_STRINGS = NO;
				SWIFT_VERSION = 5.0;
				TARGETED_DEVICE_FAMILY = "1,2";
				TEST_TARGET_NAME = SwiftChessApp;
			};
			name = Release;
		};
/* End XCBuildConfiguration section */

/* Begin XCConfigurationList section */
		730E4D9528E1D5D30000B271 /* Build configuration list for PBXProject "SwiftChessApp" */ = {
			isa = XCConfigurationList;
			buildConfigurations = (
				730E4DC228E1D5D50000B271 /* Debug */,
				730E4DC328E1D5D50000B271 /* Release */,
			);
			defaultConfigurationIsVisible = 0;
			defaultConfigurationName = Release;
		};
		730E4DC428E1D5D50000B271 /* Build configuration list for PBXNativeTarget "SwiftChessApp" */ = {
			isa = XCConfigurationList;
			buildConfigurations = (
				730E4DC528E1D5D50000B271 /* Debug */,
				730E4DC628E1D5D50000B271 /* Release */,
			);
			defaultConfigurationIsVisible = 0;
			defaultConfigurationName = Release;
		};
		730E4DC728E1D5D50000B271 /* Build configuration list for PBXNativeTarget "SwiftChessAppTests" */ = {
			isa = XCConfigurationList;
			buildConfigurations = (
				730E4DC828E1D5D50000B271 /* Debug */,
				730E4DC928E1D5D50000B271 /* Release */,
			);
			defaultConfigurationIsVisible = 0;
			defaultConfigurationName = Release;
		};
		730E4DCA28E1D5D50000B271 /* Build configuration list for PBXNativeTarget "SwiftChessAppUITests" */ = {
			isa = XCConfigurationList;
			buildConfigurations = (
				730E4DCB28E1D5D50000B271 /* Debug */,
				730E4DCC28E1D5D50000B271 /* Release */,
			);
			defaultConfigurationIsVisible = 0;
			defaultConfigurationName = Release;
		};
/* End XCConfigurationList section */
	};
	rootObject = 730E4D9228E1D5D30000B271 /* Project object */;
}
