// !$*UTF8*$!
{
	archiveVersion = 1;
	classes = {
	};
	objectVersion = 56;
	objects = {

/* Begin PBXBuildFile section */
		4671BF6928E28A8C00A11817 /* AppDelegate.swift in Sources */ = {isa = PBXBuildFile; fileRef = 4671BF6828E28A8C00A11817 /* AppDelegate.swift */; };
		4671BF6B28E28A8C00A11817 /* SceneDelegate.swift in Sources */ = {isa = PBXBuildFile; fileRef = 4671BF6A28E28A8C00A11817 /* SceneDelegate.swift */; };
		4671BF6D28E28A8C00A11817 /* ViewController.swift in Sources */ = {isa = PBXBuildFile; fileRef = 4671BF6C28E28A8C00A11817 /* ViewController.swift */; };
		4671BF7028E28A8C00A11817 /* Main.storyboard in Resources */ = {isa = PBXBuildFile; fileRef = 4671BF6E28E28A8C00A11817 /* Main.storyboard */; };
		4671BF7228E28A8C00A11817 /* Assets.xcassets in Resources */ = {isa = PBXBuildFile; fileRef = 4671BF7128E28A8C00A11817 /* Assets.xcassets */; };
		4671BF7528E28A8C00A11817 /* LaunchScreen.storyboard in Resources */ = {isa = PBXBuildFile; fileRef = 4671BF7328E28A8C00A11817 /* LaunchScreen.storyboard */; };
		4671BF8028E28A8D00A11817 /* ChessAppTests.swift in Sources */ = {isa = PBXBuildFile; fileRef = 4671BF7F28E28A8D00A11817 /* ChessAppTests.swift */; };
		4671BF8A28E28A8D00A11817 /* ChessAppUITests.swift in Sources */ = {isa = PBXBuildFile; fileRef = 4671BF8928E28A8D00A11817 /* ChessAppUITests.swift */; };
		4671BF8C28E28A8D00A11817 /* ChessAppUITestsLaunchTests.swift in Sources */ = {isa = PBXBuildFile; fileRef = 4671BF8B28E28A8D00A11817 /* ChessAppUITestsLaunchTests.swift */; };
/* End PBXBuildFile section */

/* Begin PBXContainerItemProxy section */
		4671BF7C28E28A8D00A11817 /* PBXContainerItemProxy */ = {
			isa = PBXContainerItemProxy;
			containerPortal = 4671BF5D28E28A8C00A11817 /* Project object */;
			proxyType = 1;
			remoteGlobalIDString = 4671BF6428E28A8C00A11817;
			remoteInfo = ChessApp;
		};
		4671BF8628E28A8D00A11817 /* PBXContainerItemProxy */ = {
			isa = PBXContainerItemProxy;
			containerPortal = 4671BF5D28E28A8C00A11817 /* Project object */;
			proxyType = 1;
			remoteGlobalIDString = 4671BF6428E28A8C00A11817;
			remoteInfo = ChessApp;
		};
/* End PBXContainerItemProxy section */

/* Begin PBXFileReference section */
		4671BF6528E28A8C00A11817 /* ChessApp.app */ = {isa = PBXFileReference; explicitFileType = wrapper.application; includeInIndex = 0; path = ChessApp.app; sourceTree = BUILT_PRODUCTS_DIR; };
		4671BF6828E28A8C00A11817 /* AppDelegate.swift */ = {isa = PBXFileReference; lastKnownFileType = sourcecode.swift; path = AppDelegate.swift; sourceTree = "<group>"; };
		4671BF6A28E28A8C00A11817 /* SceneDelegate.swift */ = {isa = PBXFileReference; lastKnownFileType = sourcecode.swift; path = SceneDelegate.swift; sourceTree = "<group>"; };
		4671BF6C28E28A8C00A11817 /* ViewController.swift */ = {isa = PBXFileReference; lastKnownFileType = sourcecode.swift; path = ViewController.swift; sourceTree = "<group>"; };
		4671BF6F28E28A8C00A11817 /* Base */ = {isa = PBXFileReference; lastKnownFileType = file.storyboard; name = Base; path = Base.lproj/Main.storyboard; sourceTree = "<group>"; };
		4671BF7128E28A8C00A11817 /* Assets.xcassets */ = {isa = PBXFileReference; lastKnownFileType = folder.assetcatalog; path = Assets.xcassets; sourceTree = "<group>"; };
		4671BF7428E28A8C00A11817 /* Base */ = {isa = PBXFileReference; lastKnownFileType = file.storyboard; name = Base; path = Base.lproj/LaunchScreen.storyboard; sourceTree = "<group>"; };
		4671BF7628E28A8C00A11817 /* Info.plist */ = {isa = PBXFileReference; lastKnownFileType = text.plist.xml; path = Info.plist; sourceTree = "<group>"; };
		4671BF7B28E28A8D00A11817 /* ChessAppTests.xctest */ = {isa = PBXFileReference; explicitFileType = wrapper.cfbundle; includeInIndex = 0; path = ChessAppTests.xctest; sourceTree = BUILT_PRODUCTS_DIR; };
		4671BF7F28E28A8D00A11817 /* ChessAppTests.swift */ = {isa = PBXFileReference; lastKnownFileType = sourcecode.swift; path = ChessAppTests.swift; sourceTree = "<group>"; };
		4671BF8528E28A8D00A11817 /* ChessAppUITests.xctest */ = {isa = PBXFileReference; explicitFileType = wrapper.cfbundle; includeInIndex = 0; path = ChessAppUITests.xctest; sourceTree = BUILT_PRODUCTS_DIR; };
		4671BF8928E28A8D00A11817 /* ChessAppUITests.swift */ = {isa = PBXFileReference; lastKnownFileType = sourcecode.swift; path = ChessAppUITests.swift; sourceTree = "<group>"; };
		4671BF8B28E28A8D00A11817 /* ChessAppUITestsLaunchTests.swift */ = {isa = PBXFileReference; lastKnownFileType = sourcecode.swift; path = ChessAppUITestsLaunchTests.swift; sourceTree = "<group>"; };
/* End PBXFileReference section */

/* Begin PBXFrameworksBuildPhase section */
		4671BF6228E28A8C00A11817 /* Frameworks */ = {
			isa = PBXFrameworksBuildPhase;
			buildActionMask = 2147483647;
			files = (
			);
			runOnlyForDeploymentPostprocessing = 0;
		};
		4671BF7828E28A8D00A11817 /* Frameworks */ = {
			isa = PBXFrameworksBuildPhase;
			buildActionMask = 2147483647;
			files = (
			);
			runOnlyForDeploymentPostprocessing = 0;
		};
		4671BF8228E28A8D00A11817 /* Frameworks */ = {
			isa = PBXFrameworksBuildPhase;
			buildActionMask = 2147483647;
			files = (
			);
			runOnlyForDeploymentPostprocessing = 0;
		};
/* End PBXFrameworksBuildPhase section */

/* Begin PBXGroup section */
		4671BF5C28E28A8C00A11817 = {
			isa = PBXGroup;
			children = (
				4671BF6728E28A8C00A11817 /* ChessApp */,
				4671BF7E28E28A8D00A11817 /* ChessAppTests */,
				4671BF8828E28A8D00A11817 /* ChessAppUITests */,
				4671BF6628E28A8C00A11817 /* Products */,
			);
			sourceTree = "<group>";
		};
		4671BF6628E28A8C00A11817 /* Products */ = {
			isa = PBXGroup;
			children = (
				4671BF6528E28A8C00A11817 /* ChessApp.app */,
				4671BF7B28E28A8D00A11817 /* ChessAppTests.xctest */,
				4671BF8528E28A8D00A11817 /* ChessAppUITests.xctest */,
			);
			name = Products;
			sourceTree = "<group>";
		};
		4671BF6728E28A8C00A11817 /* ChessApp */ = {
			isa = PBXGroup;
			children = (
				4671BF9928E28C2400A11817 /* Application */,
				4671BF9A28E28C3200A11817 /* Home */,
				4671BF7128E28A8C00A11817 /* Assets.xcassets */,
				4671BF7328E28A8C00A11817 /* LaunchScreen.storyboard */,
				4671BF7628E28A8C00A11817 /* Info.plist */,
			);
			path = ChessApp;
			sourceTree = "<group>";
		};
		4671BF7E28E28A8D00A11817 /* ChessAppTests */ = {
			isa = PBXGroup;
			children = (
				4671BF7F28E28A8D00A11817 /* ChessAppTests.swift */,
			);
			path = ChessAppTests;
			sourceTree = "<group>";
		};
		4671BF8828E28A8D00A11817 /* ChessAppUITests */ = {
			isa = PBXGroup;
			children = (
				4671BF8928E28A8D00A11817 /* ChessAppUITests.swift */,
				4671BF8B28E28A8D00A11817 /* ChessAppUITestsLaunchTests.swift */,
			);
			path = ChessAppUITests;
			sourceTree = "<group>";
		};
		4671BF9928E28C2400A11817 /* Application */ = {
			isa = PBXGroup;
			children = (
				4671BF6828E28A8C00A11817 /* AppDelegate.swift */,
				4671BF6A28E28A8C00A11817 /* SceneDelegate.swift */,
			);
			path = Application;
			sourceTree = "<group>";
		};
		4671BF9A28E28C3200A11817 /* Home */ = {
			isa = PBXGroup;
			children = (
				4671BF6C28E28A8C00A11817 /* ViewController.swift */,
				4671BF6E28E28A8C00A11817 /* Main.storyboard */,
			);
			path = Home;
			sourceTree = "<group>";
		};
/* End PBXGroup section */

/* Begin PBXNativeTarget section */
		4671BF6428E28A8C00A11817 /* ChessApp */ = {
			isa = PBXNativeTarget;
			buildConfigurationList = 4671BF8F28E28A8D00A11817 /* Build configuration list for PBXNativeTarget "ChessApp" */;
			buildPhases = (
				4671BF6128E28A8C00A11817 /* Sources */,
				4671BF6228E28A8C00A11817 /* Frameworks */,
				4671BF6328E28A8C00A11817 /* Resources */,
			);
			buildRules = (
			);
			dependencies = (
			);
			name = ChessApp;
			productName = ChessApp;
			productReference = 4671BF6528E28A8C00A11817 /* ChessApp.app */;
			productType = "com.apple.product-type.application";
		};
		4671BF7A28E28A8D00A11817 /* ChessAppTests */ = {
			isa = PBXNativeTarget;
			buildConfigurationList = 4671BF9228E28A8D00A11817 /* Build configuration list for PBXNativeTarget "ChessAppTests" */;
			buildPhases = (
				4671BF7728E28A8D00A11817 /* Sources */,
				4671BF7828E28A8D00A11817 /* Frameworks */,
				4671BF7928E28A8D00A11817 /* Resources */,
			);
			buildRules = (
			);
			dependencies = (
				4671BF7D28E28A8D00A11817 /* PBXTargetDependency */,
			);
			name = ChessAppTests;
			productName = ChessAppTests;
			productReference = 4671BF7B28E28A8D00A11817 /* ChessAppTests.xctest */;
			productType = "com.apple.product-type.bundle.unit-test";
		};
		4671BF8428E28A8D00A11817 /* ChessAppUITests */ = {
			isa = PBXNativeTarget;
			buildConfigurationList = 4671BF9528E28A8D00A11817 /* Build configuration list for PBXNativeTarget "ChessAppUITests" */;
			buildPhases = (
				4671BF8128E28A8D00A11817 /* Sources */,
				4671BF8228E28A8D00A11817 /* Frameworks */,
				4671BF8328E28A8D00A11817 /* Resources */,
			);
			buildRules = (
			);
			dependencies = (
				4671BF8728E28A8D00A11817 /* PBXTargetDependency */,
			);
			name = ChessAppUITests;
			productName = ChessAppUITests;
			productReference = 4671BF8528E28A8D00A11817 /* ChessAppUITests.xctest */;
			productType = "com.apple.product-type.bundle.ui-testing";
		};
/* End PBXNativeTarget section */

/* Begin PBXProject section */
		4671BF5D28E28A8C00A11817 /* Project object */ = {
			isa = PBXProject;
			attributes = {
				BuildIndependentTargetsInParallel = 1;
				LastSwiftUpdateCheck = 1400;
				LastUpgradeCheck = 1400;
				TargetAttributes = {
					4671BF6428E28A8C00A11817 = {
						CreatedOnToolsVersion = 14.0;
					};
					4671BF7A28E28A8D00A11817 = {
						CreatedOnToolsVersion = 14.0;
						TestTargetID = 4671BF6428E28A8C00A11817;
					};
					4671BF8428E28A8D00A11817 = {
						CreatedOnToolsVersion = 14.0;
						TestTargetID = 4671BF6428E28A8C00A11817;
					};
				};
			};
			buildConfigurationList = 4671BF6028E28A8C00A11817 /* Build configuration list for PBXProject "ChessApp" */;
			compatibilityVersion = "Xcode 14.0";
			developmentRegion = en;
			hasScannedForEncodings = 0;
			knownRegions = (
				en,
				Base,
			);
			mainGroup = 4671BF5C28E28A8C00A11817;
			productRefGroup = 4671BF6628E28A8C00A11817 /* Products */;
			projectDirPath = "";
			projectRoot = "";
			targets = (
				4671BF6428E28A8C00A11817 /* ChessApp */,
				4671BF7A28E28A8D00A11817 /* ChessAppTests */,
				4671BF8428E28A8D00A11817 /* ChessAppUITests */,
			);
		};
/* End PBXProject section */

/* Begin PBXResourcesBuildPhase section */
		4671BF6328E28A8C00A11817 /* Resources */ = {
			isa = PBXResourcesBuildPhase;
			buildActionMask = 2147483647;
			files = (
				4671BF7528E28A8C00A11817 /* LaunchScreen.storyboard in Resources */,
				4671BF7228E28A8C00A11817 /* Assets.xcassets in Resources */,
				4671BF7028E28A8C00A11817 /* Main.storyboard in Resources */,
			);
			runOnlyForDeploymentPostprocessing = 0;
		};
		4671BF7928E28A8D00A11817 /* Resources */ = {
			isa = PBXResourcesBuildPhase;
			buildActionMask = 2147483647;
			files = (
			);
			runOnlyForDeploymentPostprocessing = 0;
		};
		4671BF8328E28A8D00A11817 /* Resources */ = {
			isa = PBXResourcesBuildPhase;
			buildActionMask = 2147483647;
			files = (
			);
			runOnlyForDeploymentPostprocessing = 0;
		};
/* End PBXResourcesBuildPhase section */

/* Begin PBXSourcesBuildPhase section */
		4671BF6128E28A8C00A11817 /* Sources */ = {
			isa = PBXSourcesBuildPhase;
			buildActionMask = 2147483647;
			files = (
				4671BF6D28E28A8C00A11817 /* ViewController.swift in Sources */,
				4671BF6928E28A8C00A11817 /* AppDelegate.swift in Sources */,
				4671BF6B28E28A8C00A11817 /* SceneDelegate.swift in Sources */,
			);
			runOnlyForDeploymentPostprocessing = 0;
		};
		4671BF7728E28A8D00A11817 /* Sources */ = {
			isa = PBXSourcesBuildPhase;
			buildActionMask = 2147483647;
			files = (
				4671BF8028E28A8D00A11817 /* ChessAppTests.swift in Sources */,
			);
			runOnlyForDeploymentPostprocessing = 0;
		};
		4671BF8128E28A8D00A11817 /* Sources */ = {
			isa = PBXSourcesBuildPhase;
			buildActionMask = 2147483647;
			files = (
				4671BF8C28E28A8D00A11817 /* ChessAppUITestsLaunchTests.swift in Sources */,
				4671BF8A28E28A8D00A11817 /* ChessAppUITests.swift in Sources */,
			);
			runOnlyForDeploymentPostprocessing = 0;
		};
/* End PBXSourcesBuildPhase section */

/* Begin PBXTargetDependency section */
		4671BF7D28E28A8D00A11817 /* PBXTargetDependency */ = {
			isa = PBXTargetDependency;
			target = 4671BF6428E28A8C00A11817 /* ChessApp */;
			targetProxy = 4671BF7C28E28A8D00A11817 /* PBXContainerItemProxy */;
		};
		4671BF8728E28A8D00A11817 /* PBXTargetDependency */ = {
			isa = PBXTargetDependency;
			target = 4671BF6428E28A8C00A11817 /* ChessApp */;
			targetProxy = 4671BF8628E28A8D00A11817 /* PBXContainerItemProxy */;
		};
/* End PBXTargetDependency section */

/* Begin PBXVariantGroup section */
		4671BF6E28E28A8C00A11817 /* Main.storyboard */ = {
			isa = PBXVariantGroup;
			children = (
				4671BF6F28E28A8C00A11817 /* Base */,
			);
			name = Main.storyboard;
			sourceTree = "<group>";
		};
		4671BF7328E28A8C00A11817 /* LaunchScreen.storyboard */ = {
			isa = PBXVariantGroup;
			children = (
				4671BF7428E28A8C00A11817 /* Base */,
			);
			name = LaunchScreen.storyboard;
			sourceTree = "<group>";
		};
/* End PBXVariantGroup section */

/* Begin XCBuildConfiguration section */
		4671BF8D28E28A8D00A11817 /* Debug */ = {
			isa = XCBuildConfiguration;
			buildSettings = {
				ALWAYS_SEARCH_USER_PATHS = NO;
				CLANG_ANALYZER_NONNULL = YES;
				CLANG_ANALYZER_NUMBER_OBJECT_CONVERSION = YES_AGGRESSIVE;
				CLANG_CXX_LANGUAGE_STANDARD = "gnu++20";
				CLANG_ENABLE_MODULES = YES;
				CLANG_ENABLE_OBJC_ARC = YES;
				CLANG_ENABLE_OBJC_WEAK = YES;
				CLANG_WARN_BLOCK_CAPTURE_AUTORELEASING = YES;
				CLANG_WARN_BOOL_CONVERSION = YES;
				CLANG_WARN_COMMA = YES;
				CLANG_WARN_CONSTANT_CONVERSION = YES;
				CLANG_WARN_DEPRECATED_OBJC_IMPLEMENTATIONS = YES;
				CLANG_WARN_DIRECT_OBJC_ISA_USAGE = YES_ERROR;
				CLANG_WARN_DOCUMENTATION_COMMENTS = YES;
				CLANG_WARN_EMPTY_BODY = YES;
				CLANG_WARN_ENUM_CONVERSION = YES;
				CLANG_WARN_INFINITE_RECURSION = YES;
				CLANG_WARN_INT_CONVERSION = YES;
				CLANG_WARN_NON_LITERAL_NULL_CONVERSION = YES;
				CLANG_WARN_OBJC_IMPLICIT_RETAIN_SELF = YES;
				CLANG_WARN_OBJC_LITERAL_CONVERSION = YES;
				CLANG_WARN_OBJC_ROOT_CLASS = YES_ERROR;
				CLANG_WARN_QUOTED_INCLUDE_IN_FRAMEWORK_HEADER = YES;
				CLANG_WARN_RANGE_LOOP_ANALYSIS = YES;
				CLANG_WARN_STRICT_PROTOTYPES = YES;
				CLANG_WARN_SUSPICIOUS_MOVE = YES;
				CLANG_WARN_UNGUARDED_AVAILABILITY = YES_AGGRESSIVE;
				CLANG_WARN_UNREACHABLE_CODE = YES;
				CLANG_WARN__DUPLICATE_METHOD_MATCH = YES;
				COPY_PHASE_STRIP = NO;
				DEBUG_INFORMATION_FORMAT = dwarf;
				ENABLE_STRICT_OBJC_MSGSEND = YES;
				ENABLE_TESTABILITY = YES;
				GCC_C_LANGUAGE_STANDARD = gnu11;
				GCC_DYNAMIC_NO_PIC = NO;
				GCC_NO_COMMON_BLOCKS = YES;
				GCC_OPTIMIZATION_LEVEL = 0;
				GCC_PREPROCESSOR_DEFINITIONS = (
					"DEBUG=1",
					"$(inherited)",
				);
				GCC_WARN_64_TO_32_BIT_CONVERSION = YES;
				GCC_WARN_ABOUT_RETURN_TYPE = YES_ERROR;
				GCC_WARN_UNDECLARED_SELECTOR = YES;
				GCC_WARN_UNINITIALIZED_AUTOS = YES_AGGRESSIVE;
				GCC_WARN_UNUSED_FUNCTION = YES;
				GCC_WARN_UNUSED_VARIABLE = YES;
				IPHONEOS_DEPLOYMENT_TARGET = 16.0;
				MTL_ENABLE_DEBUG_INFO = INCLUDE_SOURCE;
				MTL_FAST_MATH = YES;
				ONLY_ACTIVE_ARCH = YES;
				SDKROOT = iphoneos;
				SWIFT_ACTIVE_COMPILATION_CONDITIONS = DEBUG;
				SWIFT_OPTIMIZATION_LEVEL = "-Onone";
			};
			name = Debug;
		};
		4671BF8E28E28A8D00A11817 /* Release */ = {
			isa = XCBuildConfiguration;
			buildSettings = {
				ALWAYS_SEARCH_USER_PATHS = NO;
				CLANG_ANALYZER_NONNULL = YES;
				CLANG_ANALYZER_NUMBER_OBJECT_CONVERSION = YES_AGGRESSIVE;
				CLANG_CXX_LANGUAGE_STANDARD = "gnu++20";
				CLANG_ENABLE_MODULES = YES;
				CLANG_ENABLE_OBJC_ARC = YES;
				CLANG_ENABLE_OBJC_WEAK = YES;
				CLANG_WARN_BLOCK_CAPTURE_AUTORELEASING = YES;
				CLANG_WARN_BOOL_CONVERSION = YES;
				CLANG_WARN_COMMA = YES;
				CLANG_WARN_CONSTANT_CONVERSION = YES;
				CLANG_WARN_DEPRECATED_OBJC_IMPLEMENTATIONS = YES;
				CLANG_WARN_DIRECT_OBJC_ISA_USAGE = YES_ERROR;
				CLANG_WARN_DOCUMENTATION_COMMENTS = YES;
				CLANG_WARN_EMPTY_BODY = YES;
				CLANG_WARN_ENUM_CONVERSION = YES;
				CLANG_WARN_INFINITE_RECURSION = YES;
				CLANG_WARN_INT_CONVERSION = YES;
				CLANG_WARN_NON_LITERAL_NULL_CONVERSION = YES;
				CLANG_WARN_OBJC_IMPLICIT_RETAIN_SELF = YES;
				CLANG_WARN_OBJC_LITERAL_CONVERSION = YES;
				CLANG_WARN_OBJC_ROOT_CLASS = YES_ERROR;
				CLANG_WARN_QUOTED_INCLUDE_IN_FRAMEWORK_HEADER = YES;
				CLANG_WARN_RANGE_LOOP_ANALYSIS = YES;
				CLANG_WARN_STRICT_PROTOTYPES = YES;
				CLANG_WARN_SUSPICIOUS_MOVE = YES;
				CLANG_WARN_UNGUARDED_AVAILABILITY = YES_AGGRESSIVE;
				CLANG_WARN_UNREACHABLE_CODE = YES;
				CLANG_WARN__DUPLICATE_METHOD_MATCH = YES;
				COPY_PHASE_STRIP = NO;
				DEBUG_INFORMATION_FORMAT = "dwarf-with-dsym";
				ENABLE_NS_ASSERTIONS = NO;
				ENABLE_STRICT_OBJC_MSGSEND = YES;
				GCC_C_LANGUAGE_STANDARD = gnu11;
				GCC_NO_COMMON_BLOCKS = YES;
				GCC_WARN_64_TO_32_BIT_CONVERSION = YES;
				GCC_WARN_ABOUT_RETURN_TYPE = YES_ERROR;
				GCC_WARN_UNDECLARED_SELECTOR = YES;
				GCC_WARN_UNINITIALIZED_AUTOS = YES_AGGRESSIVE;
				GCC_WARN_UNUSED_FUNCTION = YES;
				GCC_WARN_UNUSED_VARIABLE = YES;
				IPHONEOS_DEPLOYMENT_TARGET = 16.0;
				MTL_ENABLE_DEBUG_INFO = NO;
				MTL_FAST_MATH = YES;
				SDKROOT = iphoneos;
				SWIFT_COMPILATION_MODE = wholemodule;
				SWIFT_OPTIMIZATION_LEVEL = "-O";
				VALIDATE_PRODUCT = YES;
			};
			name = Release;
		};
		4671BF9028E28A8D00A11817 /* Debug */ = {
			isa = XCBuildConfiguration;
			buildSettings = {
				ASSETCATALOG_COMPILER_APPICON_NAME = AppIcon;
				ASSETCATALOG_COMPILER_GLOBAL_ACCENT_COLOR_NAME = AccentColor;
				CODE_SIGN_STYLE = Automatic;
				CURRENT_PROJECT_VERSION = 1;
				GENERATE_INFOPLIST_FILE = YES;
				INFOPLIST_FILE = ChessApp/Info.plist;
				INFOPLIST_KEY_UIApplicationSupportsIndirectInputEvents = YES;
				INFOPLIST_KEY_UILaunchStoryboardName = LaunchScreen;
				INFOPLIST_KEY_UIMainStoryboardFile = Main;
				INFOPLIST_KEY_UISupportedInterfaceOrientations_iPad = "UIInterfaceOrientationPortrait UIInterfaceOrientationPortraitUpsideDown UIInterfaceOrientationLandscapeLeft UIInterfaceOrientationLandscapeRight";
				INFOPLIST_KEY_UISupportedInterfaceOrientations_iPhone = "UIInterfaceOrientationPortrait UIInterfaceOrientationLandscapeLeft UIInterfaceOrientationLandscapeRight";
				LD_RUNPATH_SEARCH_PATHS = (
					"$(inherited)",
					"@executable_path/Frameworks",
				);
				MARKETING_VERSION = 1.0;
				PRODUCT_BUNDLE_IDENTIFIER = mini0212.ChessApp;
				PRODUCT_NAME = "$(TARGET_NAME)";
				SWIFT_EMIT_LOC_STRINGS = YES;
				SWIFT_VERSION = 5.0;
				TARGETED_DEVICE_FAMILY = "1,2";
			};
			name = Debug;
		};
		4671BF9128E28A8D00A11817 /* Release */ = {
			isa = XCBuildConfiguration;
			buildSettings = {
				ASSETCATALOG_COMPILER_APPICON_NAME = AppIcon;
				ASSETCATALOG_COMPILER_GLOBAL_ACCENT_COLOR_NAME = AccentColor;
				CODE_SIGN_STYLE = Automatic;
				CURRENT_PROJECT_VERSION = 1;
				GENERATE_INFOPLIST_FILE = YES;
				INFOPLIST_FILE = ChessApp/Info.plist;
				INFOPLIST_KEY_UIApplicationSupportsIndirectInputEvents = YES;
				INFOPLIST_KEY_UILaunchStoryboardName = LaunchScreen;
				INFOPLIST_KEY_UIMainStoryboardFile = Main;
				INFOPLIST_KEY_UISupportedInterfaceOrientations_iPad = "UIInterfaceOrientationPortrait UIInterfaceOrientationPortraitUpsideDown UIInterfaceOrientationLandscapeLeft UIInterfaceOrientationLandscapeRight";
				INFOPLIST_KEY_UISupportedInterfaceOrientations_iPhone = "UIInterfaceOrientationPortrait UIInterfaceOrientationLandscapeLeft UIInterfaceOrientationLandscapeRight";
				LD_RUNPATH_SEARCH_PATHS = (
					"$(inherited)",
					"@executable_path/Frameworks",
				);
				MARKETING_VERSION = 1.0;
				PRODUCT_BUNDLE_IDENTIFIER = mini0212.ChessApp;
				PRODUCT_NAME = "$(TARGET_NAME)";
				SWIFT_EMIT_LOC_STRINGS = YES;
				SWIFT_VERSION = 5.0;
				TARGETED_DEVICE_FAMILY = "1,2";
			};
			name = Release;
		};
		4671BF9328E28A8D00A11817 /* Debug */ = {
			isa = XCBuildConfiguration;
			buildSettings = {
				ALWAYS_EMBED_SWIFT_STANDARD_LIBRARIES = YES;
				BUNDLE_LOADER = "$(TEST_HOST)";
				CODE_SIGN_STYLE = Automatic;
				CURRENT_PROJECT_VERSION = 1;
				GENERATE_INFOPLIST_FILE = YES;
				IPHONEOS_DEPLOYMENT_TARGET = 16.0;
				MARKETING_VERSION = 1.0;
				PRODUCT_BUNDLE_IDENTIFIER = mini0212.ChessAppTests;
				PRODUCT_NAME = "$(TARGET_NAME)";
				SWIFT_EMIT_LOC_STRINGS = NO;
				SWIFT_VERSION = 5.0;
				TARGETED_DEVICE_FAMILY = "1,2";
				TEST_HOST = "$(BUILT_PRODUCTS_DIR)/ChessApp.app/$(BUNDLE_EXECUTABLE_FOLDER_PATH)/ChessApp";
			};
			name = Debug;
		};
		4671BF9428E28A8D00A11817 /* Release */ = {
			isa = XCBuildConfiguration;
			buildSettings = {
				ALWAYS_EMBED_SWIFT_STANDARD_LIBRARIES = YES;
				BUNDLE_LOADER = "$(TEST_HOST)";
				CODE_SIGN_STYLE = Automatic;
				CURRENT_PROJECT_VERSION = 1;
				GENERATE_INFOPLIST_FILE = YES;
				IPHONEOS_DEPLOYMENT_TARGET = 16.0;
				MARKETING_VERSION = 1.0;
				PRODUCT_BUNDLE_IDENTIFIER = mini0212.ChessAppTests;
				PRODUCT_NAME = "$(TARGET_NAME)";
				SWIFT_EMIT_LOC_STRINGS = NO;
				SWIFT_VERSION = 5.0;
				TARGETED_DEVICE_FAMILY = "1,2";
				TEST_HOST = "$(BUILT_PRODUCTS_DIR)/ChessApp.app/$(BUNDLE_EXECUTABLE_FOLDER_PATH)/ChessApp";
			};
			name = Release;
		};
		4671BF9628E28A8D00A11817 /* Debug */ = {
			isa = XCBuildConfiguration;
			buildSettings = {
				ALWAYS_EMBED_SWIFT_STANDARD_LIBRARIES = YES;
				CODE_SIGN_STYLE = Automatic;
				CURRENT_PROJECT_VERSION = 1;
				GENERATE_INFOPLIST_FILE = YES;
				MARKETING_VERSION = 1.0;
				PRODUCT_BUNDLE_IDENTIFIER = mini0212.ChessAppUITests;
				PRODUCT_NAME = "$(TARGET_NAME)";
				SWIFT_EMIT_LOC_STRINGS = NO;
				SWIFT_VERSION = 5.0;
				TARGETED_DEVICE_FAMILY = "1,2";
				TEST_TARGET_NAME = ChessApp;
			};
			name = Debug;
		};
		4671BF9728E28A8D00A11817 /* Release */ = {
			isa = XCBuildConfiguration;
			buildSettings = {
				ALWAYS_EMBED_SWIFT_STANDARD_LIBRARIES = YES;
				CODE_SIGN_STYLE = Automatic;
				CURRENT_PROJECT_VERSION = 1;
				GENERATE_INFOPLIST_FILE = YES;
				MARKETING_VERSION = 1.0;
				PRODUCT_BUNDLE_IDENTIFIER = mini0212.ChessAppUITests;
				PRODUCT_NAME = "$(TARGET_NAME)";
				SWIFT_EMIT_LOC_STRINGS = NO;
				SWIFT_VERSION = 5.0;
				TARGETED_DEVICE_FAMILY = "1,2";
				TEST_TARGET_NAME = ChessApp;
			};
			name = Release;
		};
/* End XCBuildConfiguration section */

/* Begin XCConfigurationList section */
		4671BF6028E28A8C00A11817 /* Build configuration list for PBXProject "ChessApp" */ = {
			isa = XCConfigurationList;
			buildConfigurations = (
				4671BF8D28E28A8D00A11817 /* Debug */,
				4671BF8E28E28A8D00A11817 /* Release */,
			);
			defaultConfigurationIsVisible = 0;
			defaultConfigurationName = Release;
		};
		4671BF8F28E28A8D00A11817 /* Build configuration list for PBXNativeTarget "ChessApp" */ = {
			isa = XCConfigurationList;
			buildConfigurations = (
				4671BF9028E28A8D00A11817 /* Debug */,
				4671BF9128E28A8D00A11817 /* Release */,
			);
			defaultConfigurationIsVisible = 0;
			defaultConfigurationName = Release;
		};
		4671BF9228E28A8D00A11817 /* Build configuration list for PBXNativeTarget "ChessAppTests" */ = {
			isa = XCConfigurationList;
			buildConfigurations = (
				4671BF9328E28A8D00A11817 /* Debug */,
				4671BF9428E28A8D00A11817 /* Release */,
			);
			defaultConfigurationIsVisible = 0;
			defaultConfigurationName = Release;
		};
		4671BF9528E28A8D00A11817 /* Build configuration list for PBXNativeTarget "ChessAppUITests" */ = {
			isa = XCConfigurationList;
			buildConfigurations = (
				4671BF9628E28A8D00A11817 /* Debug */,
				4671BF9728E28A8D00A11817 /* Release */,
			);
			defaultConfigurationIsVisible = 0;
			defaultConfigurationName = Release;
		};
/* End XCConfigurationList section */
	};
	rootObject = 4671BF5D28E28A8C00A11817 /* Project object */;
}
